{
  "pins" : [
    {
      "identity" : "activityindicatorview",
      "kind" : "remoteSourceControl",
      "location" : "https://github.com/exyte/ActivityIndicatorView",
      "state" : {
        "revision" : "0fb57e69b6130b4beb8ba49eaafe13563f2f6bd6",
        "version" : "1.1.0"
      }
    },
    {
      "identity" : "foodlabel",
      "kind" : "remoteSourceControl",
      "location" : "https://github.com/pxlshpr/FoodLabel",
      "state" : {
        "revision" : "0e4158e55054e57c6f5af8081b5792c626a68882",
        "version" : "0.0.28"
      }
    },
    {
      "identity" : "foodlabelscanner",
      "kind" : "remoteSourceControl",
      "location" : "https://github.com/pxlshpr/FoodLabelScanner",
      "state" : {
        "revision" : "17ad52b263c16f944d4b99f205fd8306a438e23c",
        "version" : "0.0.72"
      }
    },
    {
      "identity" : "mfpscraper",
      "kind" : "remoteSourceControl",
      "location" : "https://github.com/pxlshpr/MFPScraper",
      "state" : {
        "revision" : "04790b29b421b734c92e2506531c8eece72f4c2f",
        "version" : "0.0.57"
      }
    },
    {
      "identity" : "prepdatatypes",
      "kind" : "remoteSourceControl",
      "location" : "https://github.com/pxlshpr/PrepDataTypes",
      "state" : {
        "revision" : "d334e96883e9a801f5a6bd35a30cd7697ba51f0b",
        "version" : "0.0.23"
      }
    },
    {
      "identity" : "prepviews",
      "kind" : "remoteSourceControl",
      "location" : "https://github.com/pxlshpr/PrepViews",
      "state" : {
        "revision" : "e9b52769f1322475dae4bd2ce1330fca26369192",
        "version" : "0.0.1"
      }
    },
    {
      "identity" : "swifthaptics",
      "kind" : "remoteSourceControl",
      "location" : "https://github.com/pxlshpr/SwiftHaptics",
      "state" : {
        "revision" : "c3069ce1390e5562b2d2c0e4ffed5a1b4e9aba54",
        "version" : "0.1.3"
      }
    },
    {
      "identity" : "swiftsoup",
      "kind" : "remoteSourceControl",
      "location" : "https://github.com/scinfu/SwiftSoup",
      "state" : {
        "revision" : "6778575285177365cbad3e5b8a72f2a20583cfec",
        "version" : "2.4.3"
      }
    },
    {
      "identity" : "swiftsugar",
      "kind" : "remoteSourceControl",
      "location" : "https://github.com/pxlshpr/SwiftSugar",
      "state" : {
        "revision" : "8f6e2615bee4969dd629c09cae9d900b52081b02",
        "version" : "0.0.74"
      }
    },
    {
      "identity" : "swiftuisugar",
      "kind" : "remoteSourceControl",
      "location" : "https://github.com/pxlshpr/SwiftUISugar",
      "state" : {
        "revision" : "0bbde9646610518f08a3ffdbcbb05ddaddd36571",
        "version" : "0.0.206"
      }
    },
    {
      "identity" : "visionsugar",
      "kind" : "remoteSourceControl",
      "location" : "https://github.com/pxlshpr/VisionSugar",
      "state" : {
        "revision" : "919d07aaa0f62c6ce54ee6ad576b54475f951d01",
        "version" : "0.0.73"
      }
    }
  ],
  "version" : 2
}
